<?xml version="1.0" encoding="UTF-8" standalone="yes" ?>
<CodeBlocks_project_file>
	<FileVersion major="1" minor="6" />
	<Project>
		<Option title="FPI" />
		<Option pch_mode="2" />
		<Option compiler="gcc" />
		<Build>
			<Target title="default">
				<Option output="Project1" prefix_auto="1" extension_auto="1" />
				<Option type="1" />
				<Option compiler="gcc" />
			</Target>
		</Build>
		<Linker>
			<Add option="bib\libconio.a" />
			<Add option="bib\libconio_unicode.a" />
		</Linker>
		<Unit filename="main.cpp" />
		<Unit filename="Imagem.cpp" />
		<Unit filename="Imagem.h" />
		<Unit filename="bib\EasyBMP.cpp" />
		<Unit filename="definitions.h" />
		<Unit filename="ImagemConvolution.cpp" />
		<Unit filename="ImagemOperators.cpp" />
		<Unit filename="BarCode.h" />
		<Unit filename="BarCode.cpp" />
		<Unit filename="ConexComponent.h" />
		<Unit filename="ConexComponent.cpp" />
		<Unit filename="asciiesPatternCreator.cpp" />
		<Extensions>
			<code_completion />
			<envvars />
			<debugger />
		</Extensions>
	</Project>
</CodeBlocks_project_file>
